
Microsoft Visual Studio Solution File, Format Version 12.00
# Visual Studio Version 17
VisualStudioVersion = 17.6.33606.364
MinimumVisualStudioVersion = 10.0.40219.1
Project("{9A19103F-16F7-4668-BE54-9A1E7A4F7556}") = "ReYzuClassViewer", "ReYzuClassViewer\ReYzuClassViewer.csproj", "{A259AE8B-F6DE-4E48-A6FC-B4566468628F}"
EndProject
Global
	GlobalSection(SolutionConfigurationPlatforms) = preSolution
		Debug|Any CPU = Debug|Any CPU
		Release|Any CPU = Release|Any CPU
	EndGlobalSection
	GlobalSection(ProjectConfigurationPlatforms) = postSolution
		{A259AE8B-F6DE-4E48-A6FC-B4566468628F}.Debug|Any CPU.ActiveCfg = Debug|Any CPU
		{A259AE8B-F6DE-4E48-A6FC-B4566468628F}.Debug|Any CPU.Build.0 = Debug|Any CPU
		{A259AE8B-F6DE-4E48-A6FC-B4566468628F}.Release|Any CPU.ActiveCfg = Release|Any CPU
		{A259AE8B-F6DE-4E48-A6FC-B4566468628F}.Release|Any CPU.Build.0 = Release|Any CPU
	EndGlobalSection
	GlobalSection(SolutionProperties) = preSolution
		HideSolutionNode = FALSE
	EndGlobalSection
	GlobalSection(ExtensibilityGlobals) = postSolution
		SolutionGuid = {2BF30DAC-446C-42D4-A440-370270C230AD}
	EndGlobalSection
EndGlobal
